
Microsoft Visual Studio Solution File, Format Version 12.00
# Visual Studio Version 17
VisualStudioVersion = 17.8.34316.72
MinimumVisualStudioVersion = 10.0.40219.1
Project("{9A19103F-16F7-4668-BE54-9A1E7A4F7556}") = "AddCCFlow", "AddCCFlow\AddCCFlow.csproj", "{34F3357C-C0CF-439E-BA06-C236D09037CB}"
EndProject
Project("{2150E333-8FDC-42A3-9474-1A3956D46DE8}") = "Components", "Components", "{59DCD616-D475-4990-89A1-E5E71873E8FA}"
EndProject
Project("{9A19103F-16F7-4668-BE54-9A1E7A4F7556}") = "BP.Cloud.NetCore", "Components\BP.Cloud\BP.Cloud.NetCore.csproj", "{EF1491CF-20C0-4E12-A371-0548ED46E233}"
EndProject
Project("{9A19103F-16F7-4668-BE54-9A1E7A4F7556}") = "BP.En30.NetCore", "Components\BP.En30\BP.En30.NetCore.csproj", "{6B769AB5-1281-407E-807E-A614FF4110A8}"
EndProject
Project("{9A19103F-16F7-4668-BE54-9A1E7A4F7556}") = "BP.WF.NetCore", "Components\BP.WF\BP.WF.NetCore.csproj", "{1A914A64-6A3C-4B60-822D-1554BB19287D}"
EndProject
Project("{2150E333-8FDC-42A3-9474-1A3956D46DE8}") = "Domain", "Domain", "{0167E961-FC0B-4398-AAE9-B25F32DBB70D}"
EndProject
Project("{9A19103F-16F7-4668-BE54-9A1E7A4F7556}") = "Domain", "Domain\Domain\Domain.csproj", "{4DCF9BC1-C797-404E-9297-22B0BC77048F}"
EndProject
Project("{2150E333-8FDC-42A3-9474-1A3956D46DE8}") = "Infrastructure", "Infrastructure", "{1F29D4BD-85B4-485F-8660-82544BABC75C}"
EndProject
Project("{9A19103F-16F7-4668-BE54-9A1E7A4F7556}") = "Infrastruct.Data", "Infrastruct\Infrastruct.Data\Infrastruct.Data.csproj", "{5601F65A-AF19-4C41-A92C-8A8A0EF368B3}"
EndProject
Project("{2150E333-8FDC-42A3-9474-1A3956D46DE8}") = "Application", "Application", "{A2932916-5775-4472-BB8C-BB5F7C4F7C12}"
EndProject
Project("{9A19103F-16F7-4668-BE54-9A1E7A4F7556}") = "Application", "Application\Application\Application.csproj", "{067C8068-A881-4517-941E-5A8608043AAE}"
EndProject
Project("{9A19103F-16F7-4668-BE54-9A1E7A4F7556}") = "Domain.Core", "Domain\Domain.Core\Domain.Core.csproj", "{034F83B4-AAB2-479C-AA38-09D93AD980DB}"
EndProject
Project("{9A19103F-16F7-4668-BE54-9A1E7A4F7556}") = "Infrastruct.EventBus", "Infrastruct.EventBus\Infrastruct.EventBus.csproj", "{96766900-9445-4EED-A7E3-8B7147AF94B2}"
EndProject
Project("{9A19103F-16F7-4668-BE54-9A1E7A4F7556}") = "Infrastruct.Common", "Infrastruct\Infrastruct.Common\Infrastruct.Common.csproj", "{F0080BF8-9EEA-47C6-BB74-C8B8F7182244}"
EndProject
Project("{FAE04EC0-301F-11D3-BF4B-00C04F79EFBC}") = "Infrastruct.Ioc", "Infrastruct\Infrastruct.Ioc\Infrastruct.Ioc.csproj", "{A52EAA99-1AB3-4B36-BFA3-8787C939E211}"
EndProject
Global
	GlobalSection(SolutionConfigurationPlatforms) = preSolution
		Debug|Any CPU = Debug|Any CPU
		Release|Any CPU = Release|Any CPU
	EndGlobalSection
	GlobalSection(ProjectConfigurationPlatforms) = postSolution
		{34F3357C-C0CF-439E-BA06-C236D09037CB}.Debug|Any CPU.ActiveCfg = Debug|Any CPU
		{34F3357C-C0CF-439E-BA06-C236D09037CB}.Debug|Any CPU.Build.0 = Debug|Any CPU
		{34F3357C-C0CF-439E-BA06-C236D09037CB}.Release|Any CPU.ActiveCfg = Release|Any CPU
		{34F3357C-C0CF-439E-BA06-C236D09037CB}.Release|Any CPU.Build.0 = Release|Any CPU
		{EF1491CF-20C0-4E12-A371-0548ED46E233}.Debug|Any CPU.ActiveCfg = Debug|Any CPU
		{EF1491CF-20C0-4E12-A371-0548ED46E233}.Debug|Any CPU.Build.0 = Debug|Any CPU
		{EF1491CF-20C0-4E12-A371-0548ED46E233}.Release|Any CPU.ActiveCfg = Release|Any CPU
		{EF1491CF-20C0-4E12-A371-0548ED46E233}.Release|Any CPU.Build.0 = Release|Any CPU
		{6B769AB5-1281-407E-807E-A614FF4110A8}.Debug|Any CPU.ActiveCfg = Debug|Any CPU
		{6B769AB5-1281-407E-807E-A614FF4110A8}.Debug|Any CPU.Build.0 = Debug|Any CPU
		{6B769AB5-1281-407E-807E-A614FF4110A8}.Release|Any CPU.ActiveCfg = Release|Any CPU
		{6B769AB5-1281-407E-807E-A614FF4110A8}.Release|Any CPU.Build.0 = Release|Any CPU
		{1A914A64-6A3C-4B60-822D-1554BB19287D}.Debug|Any CPU.ActiveCfg = Debug|Any CPU
		{1A914A64-6A3C-4B60-822D-1554BB19287D}.Debug|Any CPU.Build.0 = Debug|Any CPU
		{1A914A64-6A3C-4B60-822D-1554BB19287D}.Release|Any CPU.ActiveCfg = Release|Any CPU
		{1A914A64-6A3C-4B60-822D-1554BB19287D}.Release|Any CPU.Build.0 = Release|Any CPU
		{4DCF9BC1-C797-404E-9297-22B0BC77048F}.Debug|Any CPU.ActiveCfg = Debug|Any CPU
		{4DCF9BC1-C797-404E-9297-22B0BC77048F}.Debug|Any CPU.Build.0 = Debug|Any CPU
		{4DCF9BC1-C797-404E-9297-22B0BC77048F}.Release|Any CPU.ActiveCfg = Release|Any CPU
		{4DCF9BC1-C797-404E-9297-22B0BC77048F}.Release|Any CPU.Build.0 = Release|Any CPU
		{5601F65A-AF19-4C41-A92C-8A8A0EF368B3}.Debug|Any CPU.ActiveCfg = Debug|Any CPU
		{5601F65A-AF19-4C41-A92C-8A8A0EF368B3}.Debug|Any CPU.Build.0 = Debug|Any CPU
		{5601F65A-AF19-4C41-A92C-8A8A0EF368B3}.Release|Any CPU.ActiveCfg = Release|Any CPU
		{5601F65A-AF19-4C41-A92C-8A8A0EF368B3}.Release|Any CPU.Build.0 = Release|Any CPU
		{067C8068-A881-4517-941E-5A8608043AAE}.Debug|Any CPU.ActiveCfg = Debug|Any CPU
		{067C8068-A881-4517-941E-5A8608043AAE}.Debug|Any CPU.Build.0 = Debug|Any CPU
		{067C8068-A881-4517-941E-5A8608043AAE}.Release|Any CPU.ActiveCfg = Release|Any CPU
		{067C8068-A881-4517-941E-5A8608043AAE}.Release|Any CPU.Build.0 = Release|Any CPU
		{034F83B4-AAB2-479C-AA38-09D93AD980DB}.Debug|Any CPU.ActiveCfg = Debug|Any CPU
		{034F83B4-AAB2-479C-AA38-09D93AD980DB}.Debug|Any CPU.Build.0 = Debug|Any CPU
		{034F83B4-AAB2-479C-AA38-09D93AD980DB}.Release|Any CPU.ActiveCfg = Release|Any CPU
		{034F83B4-AAB2-479C-AA38-09D93AD980DB}.Release|Any CPU.Build.0 = Release|Any CPU
		{96766900-9445-4EED-A7E3-8B7147AF94B2}.Debug|Any CPU.ActiveCfg = Debug|Any CPU
		{96766900-9445-4EED-A7E3-8B7147AF94B2}.Debug|Any CPU.Build.0 = Debug|Any CPU
		{96766900-9445-4EED-A7E3-8B7147AF94B2}.Release|Any CPU.ActiveCfg = Release|Any CPU
		{96766900-9445-4EED-A7E3-8B7147AF94B2}.Release|Any CPU.Build.0 = Release|Any CPU
		{F0080BF8-9EEA-47C6-BB74-C8B8F7182244}.Debug|Any CPU.ActiveCfg = Debug|Any CPU
		{F0080BF8-9EEA-47C6-BB74-C8B8F7182244}.Debug|Any CPU.Build.0 = Debug|Any CPU
		{F0080BF8-9EEA-47C6-BB74-C8B8F7182244}.Release|Any CPU.ActiveCfg = Release|Any CPU
		{F0080BF8-9EEA-47C6-BB74-C8B8F7182244}.Release|Any CPU.Build.0 = Release|Any CPU
		{A52EAA99-1AB3-4B36-BFA3-8787C939E211}.Debug|Any CPU.ActiveCfg = Debug|Any CPU
		{A52EAA99-1AB3-4B36-BFA3-8787C939E211}.Debug|Any CPU.Build.0 = Debug|Any CPU
		{A52EAA99-1AB3-4B36-BFA3-8787C939E211}.Release|Any CPU.ActiveCfg = Release|Any CPU
		{A52EAA99-1AB3-4B36-BFA3-8787C939E211}.Release|Any CPU.Build.0 = Release|Any CPU
	EndGlobalSection
	GlobalSection(SolutionProperties) = preSolution
		HideSolutionNode = FALSE
	EndGlobalSection
	GlobalSection(NestedProjects) = preSolution
		{EF1491CF-20C0-4E12-A371-0548ED46E233} = {59DCD616-D475-4990-89A1-E5E71873E8FA}
		{6B769AB5-1281-407E-807E-A614FF4110A8} = {59DCD616-D475-4990-89A1-E5E71873E8FA}
		{1A914A64-6A3C-4B60-822D-1554BB19287D} = {59DCD616-D475-4990-89A1-E5E71873E8FA}
		{4DCF9BC1-C797-404E-9297-22B0BC77048F} = {0167E961-FC0B-4398-AAE9-B25F32DBB70D}
		{5601F65A-AF19-4C41-A92C-8A8A0EF368B3} = {1F29D4BD-85B4-485F-8660-82544BABC75C}
		{067C8068-A881-4517-941E-5A8608043AAE} = {A2932916-5775-4472-BB8C-BB5F7C4F7C12}
		{034F83B4-AAB2-479C-AA38-09D93AD980DB} = {0167E961-FC0B-4398-AAE9-B25F32DBB70D}
		{96766900-9445-4EED-A7E3-8B7147AF94B2} = {1F29D4BD-85B4-485F-8660-82544BABC75C}
		{F0080BF8-9EEA-47C6-BB74-C8B8F7182244} = {1F29D4BD-85B4-485F-8660-82544BABC75C}
		{A52EAA99-1AB3-4B36-BFA3-8787C939E211} = {1F29D4BD-85B4-485F-8660-82544BABC75C}
	EndGlobalSection
	GlobalSection(ExtensibilityGlobals) = postSolution
		SolutionGuid = {228DA0DE-E918-493E-844A-508FF3E54781}
	EndGlobalSection
EndGlobal
